
Microsoft Visual Studio Solution File, Format Version 12.00
# Visual Studio Version 17
VisualStudioVersion = 17.11.35312.102
MinimumVisualStudioVersion = 10.0.40219.1
Project("{9A19103F-16F7-4668-BE54-9A1E7A4F7556}") = "SpecflowSelenium", "SpecflowSelenium\SpecflowSelenium.csproj", "{0E87BD03-48CC-448D-9197-1CF1823666FF}"
EndProject
Global
	GlobalSection(SolutionConfigurationPlatforms) = preSolution
		Debug|Any CPU = Debug|Any CPU
		Release|Any CPU = Release|Any CPU
	EndGlobalSection
	GlobalSection(ProjectConfigurationPlatforms) = postSolution
		{0E87BD03-48CC-448D-9197-1CF1823666FF}.Debug|Any CPU.ActiveCfg = Debug|Any CPU
		{0E87BD03-48CC-448D-9197-1CF1823666FF}.Debug|Any CPU.Build.0 = Debug|Any CPU
		{0E87BD03-48CC-448D-9197-1CF1823666FF}.Release|Any CPU.ActiveCfg = Release|Any CPU
		{0E87BD03-48CC-448D-9197-1CF1823666FF}.Release|Any CPU.Build.0 = Release|Any CPU
	EndGlobalSection
	GlobalSection(SolutionProperties) = preSolution
		HideSolutionNode = FALSE
	EndGlobalSection
	GlobalSection(ExtensibilityGlobals) = postSolution
		SolutionGuid = {8C18A5EA-30D0-4801-A0F6-54AFB1F43F6A}
	EndGlobalSection
EndGlobal
